
Microsoft Visual Studio Solution File, Format Version 12.00
# Visual Studio Version 17
VisualStudioVersion = 17.10.35122.118
MinimumVisualStudioVersion = 10.0.40219.1
Project("{FAE04EC0-301F-11D3-BF4B-00C04F79EFBC}") = "OculusDummy", "OculusDummy.csproj", "{5F3D4A7C-7AF1-4560-B066-9CF99633F02F}"
EndProject
Global
	GlobalSection(SolutionConfigurationPlatforms) = preSolution
		Debug|Any CPU = Debug|Any CPU
		Release|Any CPU = Release|Any CPU
	EndGlobalSection
	GlobalSection(ProjectConfigurationPlatforms) = postSolution
		{5F3D4A7C-7AF1-4560-B066-9CF99633F02F}.Debug|Any CPU.ActiveCfg = Debug|Any CPU
		{5F3D4A7C-7AF1-4560-B066-9CF99633F02F}.Debug|Any CPU.Build.0 = Debug|Any CPU
		{5F3D4A7C-7AF1-4560-B066-9CF99633F02F}.Release|Any CPU.ActiveCfg = Release|Any CPU
		{5F3D4A7C-7AF1-4560-B066-9CF99633F02F}.Release|Any CPU.Build.0 = Release|Any CPU
	EndGlobalSection
	GlobalSection(SolutionProperties) = preSolution
		HideSolutionNode = FALSE
	EndGlobalSection
	GlobalSection(ExtensibilityGlobals) = postSolution
		SolutionGuid = {946E934D-D32D-4372-B145-EDD332A9221B}
	EndGlobalSection
EndGlobal
